# This file is automatically @generated by Poetry 1.8.3 and should not be changed by hand.

[[package]]
name = "etcd3"
version = "0.12.0"
description = "Python client for the etcd3 API"
optional = false
python-versions = "*"
files = [
    {file = "etcd3-0.12.0.tar.gz", hash = "sha256:89a704cb389bf0a010a1fa050ce19342d23bf6371ebda1c21cfe8ff3ed488726"},
]

[package.dependencies]
grpcio = ">=1.27.1"
protobuf = ">=3.6.1"
six = ">=1.12.0"
tenacity = ">=6.1.0"

[[package]]
name = "grpcio"
version = "1.67.0"
description = "HTTP/2-based RPC framework"
optional = false
python-versions = ">=3.8"
files = [
    {file = "grpcio-1.67.0-cp310-cp310-linux_armv7l.whl", hash = "sha256:bd79929b3bb96b54df1296cd3bf4d2b770bd1df6c2bdf549b49bab286b925cdc"},
    {file = "grpcio-1.67.0-cp310-cp310-macosx_12_0_universal2.whl", hash = "sha256:16724ffc956ea42967f5758c2f043faef43cb7e48a51948ab593570570d1e68b"},
    {file = "grpcio-1.67.0-cp310-cp310-manylinux_2_17_aarch64.whl", hash = "sha256:2b7183c80b602b0ad816315d66f2fb7887614ead950416d60913a9a71c12560d"},
    {file = "grpcio-1.67.0-cp310-cp310-manylinux_2_17_i686.manylinux2014_i686.whl", hash = "sha256:efe32b45dd6d118f5ea2e5deaed417d8a14976325c93812dd831908522b402c9"},
    {file = "grpcio-1.67.0-cp310-cp310-manylinux_2_17_x86_64.manylinux2014_x86_64.whl", hash = "sha256:fe89295219b9c9e47780a0f1c75ca44211e706d1c598242249fe717af3385ec8"},
    {file = "grpcio-1.67.0-cp310-cp310-musllinux_1_1_i686.whl", hash = "sha256:aa8d025fae1595a207b4e47c2e087cb88d47008494db258ac561c00877d4c8f8"},
    {file = "grpcio-1.67.0-cp310-cp310-musllinux_1_1_x86_64.whl", hash = "sha256:f95e15db43e75a534420e04822df91f645664bf4ad21dfaad7d51773c80e6bb4"},
    {file = "grpcio-1.67.0-cp310-cp310-win32.whl", hash = "sha256:a6b9a5c18863fd4b6624a42e2712103fb0f57799a3b29651c0e5b8119a519d65"},
    {file = "grpcio-1.67.0-cp310-cp310-win_amd64.whl", hash = "sha256:b6eb68493a05d38b426604e1dc93bfc0137c4157f7ab4fac5771fd9a104bbaa6"},
    {file = "grpcio-1.67.0-cp311-cp311-linux_armv7l.whl", hash = "sha256:e91d154689639932305b6ea6f45c6e46bb51ecc8ea77c10ef25aa77f75443ad4"},
    {file = "grpcio-1.67.0-cp311-cp311-macosx_10_9_universal2.whl", hash = "sha256:cb204a742997277da678611a809a8409657b1398aaeebf73b3d9563b7d154c13"},
    {file = "grpcio-1.67.0-cp311-cp311-manylinux_2_17_aarch64.whl", hash = "sha256:ae6de510f670137e755eb2a74b04d1041e7210af2444103c8c95f193340d17ee"},
    {file = "grpcio-1.67.0-cp311-cp311-manylinux_2_17_i686.manylinux2014_i686.whl", hash = "sha256:74b900566bdf68241118f2918d312d3bf554b2ce0b12b90178091ea7d0a17b3d"},
    {file = "grpcio-1.67.0-cp311-cp311-manylinux_2_17_x86_64.manylinux2014_x86_64.whl", hash = "sha256:a4e95e43447a02aa603abcc6b5e727d093d161a869c83b073f50b9390ecf0fa8"},
    {file = "grpcio-1.67.0-cp311-cp311-musllinux_1_1_i686.whl", hash = "sha256:0bb94e66cd8f0baf29bd3184b6aa09aeb1a660f9ec3d85da615c5003154bc2bf"},
    {file = "grpcio-1.67.0-cp311-cp311-musllinux_1_1_x86_64.whl", hash = "sha256:82e5bd4b67b17c8c597273663794a6a46a45e44165b960517fe6d8a2f7f16d23"},
    {file = "grpcio-1.67.0-cp311-cp311-win32.whl", hash = "sha256:7fc1d2b9fd549264ae585026b266ac2db53735510a207381be509c315b4af4e8"},
    {file = "grpcio-1.67.0-cp311-cp311-win_amd64.whl", hash = "sha256:ac11ecb34a86b831239cc38245403a8de25037b448464f95c3315819e7519772"},
    {file = "grpcio-1.67.0-cp312-cp312-linux_armv7l.whl", hash = "sha256:227316b5631260e0bef8a3ce04fa7db4cc81756fea1258b007950b6efc90c05d"},
    {file = "grpcio-1.67.0-cp312-cp312-macosx_10_9_universal2.whl", hash = "sha256:d90cfdafcf4b45a7a076e3e2a58e7bc3d59c698c4f6470b0bb13a4d869cf2273"},
    {file = "grpcio-1.67.0-cp312-cp312-manylinux_2_17_aarch64.whl", hash = "sha256:77196216d5dd6f99af1c51e235af2dd339159f657280e65ce7e12c1a8feffd1d"},
    {file = "grpcio-1.67.0-cp312-cp312-manylinux_2_17_i686.manylinux2014_i686.whl", hash = "sha256:15c05a26a0f7047f720da41dc49406b395c1470eef44ff7e2c506a47ac2c0591"},
    {file = "grpcio-1.67.0-cp312-cp312-manylinux_2_17_x86_64.manylinux2014_x86_64.whl", hash = "sha256:3840994689cc8cbb73d60485c594424ad8adb56c71a30d8948d6453083624b52"},
    {file = "grpcio-1.67.0-cp312-cp312-musllinux_1_1_i686.whl", hash = "sha256:5a1e03c3102b6451028d5dc9f8591131d6ab3c8a0e023d94c28cb930ed4b5f81"},
    {file = "grpcio-1.67.0-cp312-cp312-musllinux_1_1_x86_64.whl", hash = "sha256:682968427a63d898759474e3b3178d42546e878fdce034fd7474ef75143b64e3"},
    {file = "grpcio-1.67.0-cp312-cp312-win32.whl", hash = "sha256:d01793653248f49cf47e5695e0a79805b1d9d4eacef85b310118ba1dfcd1b955"},
    {file = "grpcio-1.67.0-cp312-cp312-win_amd64.whl", hash = "sha256:985b2686f786f3e20326c4367eebdaed3e7aa65848260ff0c6644f817042cb15"},
    {file = "grpcio-1.67.0-cp313-cp313-linux_armv7l.whl", hash = "sha256:8c9a35b8bc50db35ab8e3e02a4f2a35cfba46c8705c3911c34ce343bd777813a"},
    {file = "grpcio-1.67.0-cp313-cp313-macosx_10_13_universal2.whl", hash = "sha256:42199e704095b62688998c2d84c89e59a26a7d5d32eed86d43dc90e7a3bd04aa"},
    {file = "grpcio-1.67.0-cp313-cp313-manylinux_2_17_aarch64.whl", hash = "sha256:c4c425f440fb81f8d0237c07b9322fc0fb6ee2b29fbef5f62a322ff8fcce240d"},
    {file = "grpcio-1.67.0-cp313-cp313-manylinux_2_17_i686.manylinux2014_i686.whl", hash = "sha256:323741b6699cd2b04a71cb38f502db98f90532e8a40cb675393d248126a268af"},
    {file = "grpcio-1.67.0-cp313-cp313-manylinux_2_17_x86_64.manylinux2014_x86_64.whl", hash = "sha256:662c8e105c5e5cee0317d500eb186ed7a93229586e431c1bf0c9236c2407352c"},
    {file = "grpcio-1.67.0-cp313-cp313-musllinux_1_1_i686.whl", hash = "sha256:f6bd2ab135c64a4d1e9e44679a616c9bc944547357c830fafea5c3caa3de5153"},
    {file = "grpcio-1.67.0-cp313-cp313-musllinux_1_1_x86_64.whl", hash = "sha256:2f55c1e0e2ae9bdd23b3c63459ee4c06d223b68aeb1961d83c48fb63dc29bc03"},
    {file = "grpcio-1.67.0-cp313-cp313-win32.whl", hash = "sha256:fd6bc27861e460fe28e94226e3673d46e294ca4673d46b224428d197c5935e69"},
    {file = "grpcio-1.67.0-cp313-cp313-win_amd64.whl", hash = "sha256:cf51d28063338608cd8d3cd64677e922134837902b70ce00dad7f116e3998210"},
    {file = "grpcio-1.67.0-cp38-cp38-linux_armv7l.whl", hash = "sha256:7f200aca719c1c5dc72ab68be3479b9dafccdf03df530d137632c534bb6f1ee3"},
    {file = "grpcio-1.67.0-cp38-cp38-macosx_10_9_universal2.whl", hash = "sha256:0892dd200ece4822d72dd0952f7112c542a487fc48fe77568deaaa399c1e717d"},
    {file = "grpcio-1.67.0-cp38-cp38-manylinux_2_17_aarch64.whl", hash = "sha256:f4d613fbf868b2e2444f490d18af472ccb47660ea3df52f068c9c8801e1f3e85"},
    {file = "grpcio-1.67.0-cp38-cp38-manylinux_2_17_i686.manylinux2014_i686.whl", hash = "sha256:0c69bf11894cad9da00047f46584d5758d6ebc9b5950c0dc96fec7e0bce5cde9"},
    {file = "grpcio-1.67.0-cp38-cp38-manylinux_2_17_x86_64.manylinux2014_x86_64.whl", hash = "sha256:b9bca3ca0c5e74dea44bf57d27e15a3a3996ce7e5780d61b7c72386356d231db"},
    {file = "grpcio-1.67.0-cp38-cp38-musllinux_1_1_i686.whl", hash = "sha256:014dfc020e28a0d9be7e93a91f85ff9f4a87158b7df9952fe23cc42d29d31e1e"},
    {file = "grpcio-1.67.0-cp38-cp38-musllinux_1_1_x86_64.whl", hash = "sha256:d4ea4509d42c6797539e9ec7496c15473177ce9abc89bc5c71e7abe50fc25737"},
    {file = "grpcio-1.67.0-cp38-cp38-win32.whl", hash = "sha256:9d75641a2fca9ae1ae86454fd25d4c298ea8cc195dbc962852234d54a07060ad"},
    {file = "grpcio-1.67.0-cp38-cp38-win_amd64.whl", hash = "sha256:cff8e54d6a463883cda2fab94d2062aad2f5edd7f06ae3ed030f2a74756db365"},
    {file = "grpcio-1.67.0-cp39-cp39-linux_armv7l.whl", hash = "sha256:62492bd534979e6d7127b8a6b29093161a742dee3875873e01964049d5250a74"},
    {file = "grpcio-1.67.0-cp39-cp39-macosx_10_9_universal2.whl", hash = "sha256:eef1dce9d1a46119fd09f9a992cf6ab9d9178b696382439446ca5f399d7b96fe"},
    {file = "grpcio-1.67.0-cp39-cp39-manylinux_2_17_aarch64.whl", hash = "sha256:f623c57a5321461c84498a99dddf9d13dac0e40ee056d884d6ec4ebcab647a78"},
    {file = "grpcio-1.67.0-cp39-cp39-manylinux_2_17_i686.manylinux2014_i686.whl", hash = "sha256:54d16383044e681f8beb50f905249e4e7261dd169d4aaf6e52eab67b01cbbbe2"},
    {file = "grpcio-1.67.0-cp39-cp39-manylinux_2_17_x86_64.manylinux2014_x86_64.whl", hash = "sha256:b2a44e572fb762c668e4812156b81835f7aba8a721b027e2d4bb29fb50ff4d33"},
    {file = "grpcio-1.67.0-cp39-cp39-musllinux_1_1_i686.whl", hash = "sha256:391df8b0faac84d42f5b8dfc65f5152c48ed914e13c522fd05f2aca211f8bfad"},
    {file = "grpcio-1.67.0-cp39-cp39-musllinux_1_1_x86_64.whl", hash = "sha256:cfd9306511fdfc623a1ba1dc3bc07fbd24e6cfbe3c28b4d1e05177baa2f99617"},
    {file = "grpcio-1.67.0-cp39-cp39-win32.whl", hash = "sha256:30d47dbacfd20cbd0c8be9bfa52fdb833b395d4ec32fe5cff7220afc05d08571"},
    {file = "grpcio-1.67.0-cp39-cp39-win_amd64.whl", hash = "sha256:f55f077685f61f0fbd06ea355142b71e47e4a26d2d678b3ba27248abfe67163a"},
    {file = "grpcio-1.67.0.tar.gz", hash = "sha256:e090b2553e0da1c875449c8e75073dd4415dd71c9bde6a406240fdf4c0ee467c"},
]

[package.extras]
protobuf = ["grpcio-tools (>=1.67.0)"]

[[package]]
name = "protobuf"
version = "5.28.2"
description = ""
optional = false
python-versions = ">=3.8"
files = [
    {file = "protobuf-5.28.2-cp310-abi3-win32.whl", hash = "sha256:eeea10f3dc0ac7e6b4933d32db20662902b4ab81bf28df12218aa389e9c2102d"},
    {file = "protobuf-5.28.2-cp310-abi3-win_amd64.whl", hash = "sha256:2c69461a7fcc8e24be697624c09a839976d82ae75062b11a0972e41fd2cd9132"},
    {file = "protobuf-5.28.2-cp38-abi3-macosx_10_9_universal2.whl", hash = "sha256:a8b9403fc70764b08d2f593ce44f1d2920c5077bf7d311fefec999f8c40f78b7"},
    {file = "protobuf-5.28.2-cp38-abi3-manylinux2014_aarch64.whl", hash = "sha256:35cfcb15f213449af7ff6198d6eb5f739c37d7e4f1c09b5d0641babf2cc0c68f"},
    {file = "protobuf-5.28.2-cp38-abi3-manylinux2014_x86_64.whl", hash = "sha256:5e8a95246d581eef20471b5d5ba010d55f66740942b95ba9b872d918c459452f"},
    {file = "protobuf-5.28.2-cp38-cp38-win32.whl", hash = "sha256:87317e9bcda04a32f2ee82089a204d3a2f0d3c8aeed16568c7daf4756e4f1fe0"},
    {file = "protobuf-5.28.2-cp38-cp38-win_amd64.whl", hash = "sha256:c0ea0123dac3399a2eeb1a1443d82b7afc9ff40241433296769f7da42d142ec3"},
    {file = "protobuf-5.28.2-cp39-cp39-win32.whl", hash = "sha256:ca53faf29896c526863366a52a8f4d88e69cd04ec9571ed6082fa117fac3ab36"},
    {file = "protobuf-5.28.2-cp39-cp39-win_amd64.whl", hash = "sha256:8ddc60bf374785fb7cb12510b267f59067fa10087325b8e1855b898a0d81d276"},
    {file = "protobuf-5.28.2-py3-none-any.whl", hash = "sha256:52235802093bd8a2811abbe8bf0ab9c5f54cca0a751fdd3f6ac2a21438bffece"},
    {file = "protobuf-5.28.2.tar.gz", hash = "sha256:59379674ff119717404f7454647913787034f03fe7049cbef1d74a97bb4593f0"},
]

[[package]]
name = "psutil"
version = "6.0.0"
description = "Cross-platform lib for process and system monitoring in Python."
optional = false
python-versions = "!=3.0.*,!=3.1.*,!=3.2.*,!=3.3.*,!=3.4.*,!=3.5.*,>=2.7"
files = [
    {file = "psutil-6.0.0-cp27-cp27m-macosx_10_9_x86_64.whl", hash = "sha256:a021da3e881cd935e64a3d0a20983bda0bb4cf80e4f74fa9bfcb1bc5785360c6"},
    {file = "psutil-6.0.0-cp27-cp27m-manylinux2010_i686.whl", hash = "sha256:1287c2b95f1c0a364d23bc6f2ea2365a8d4d9b726a3be7294296ff7ba97c17f0"},
    {file = "psutil-6.0.0-cp27-cp27m-manylinux2010_x86_64.whl", hash = "sha256:a9a3dbfb4de4f18174528d87cc352d1f788b7496991cca33c6996f40c9e3c92c"},
    {file = "psutil-6.0.0-cp27-cp27mu-manylinux2010_i686.whl", hash = "sha256:6ec7588fb3ddaec7344a825afe298db83fe01bfaaab39155fa84cf1c0d6b13c3"},
    {file = "psutil-6.0.0-cp27-cp27mu-manylinux2010_x86_64.whl", hash = "sha256:1e7c870afcb7d91fdea2b37c24aeb08f98b6d67257a5cb0a8bc3ac68d0f1a68c"},
    {file = "psutil-6.0.0-cp27-none-win32.whl", hash = "sha256:02b69001f44cc73c1c5279d02b30a817e339ceb258ad75997325e0e6169d8b35"},
    {file = "psutil-6.0.0-cp27-none-win_amd64.whl", hash = "sha256:21f1fb635deccd510f69f485b87433460a603919b45e2a324ad65b0cc74f8fb1"},
    {file = "psutil-6.0.0-cp36-abi3-macosx_10_9_x86_64.whl", hash = "sha256:c588a7e9b1173b6e866756dde596fd4cad94f9399daf99ad8c3258b3cb2b47a0"},
    {file = "psutil-6.0.0-cp36-abi3-manylinux_2_12_i686.manylinux2010_i686.manylinux_2_17_i686.manylinux2014_i686.whl", hash = "sha256:6ed2440ada7ef7d0d608f20ad89a04ec47d2d3ab7190896cd62ca5fc4fe08bf0"},
    {file = "psutil-6.0.0-cp36-abi3-manylinux_2_12_x86_64.manylinux2010_x86_64.manylinux_2_17_x86_64.manylinux2014_x86_64.whl", hash = "sha256:5fd9a97c8e94059b0ef54a7d4baf13b405011176c3b6ff257c247cae0d560ecd"},
    {file = "psutil-6.0.0-cp36-abi3-manylinux_2_17_aarch64.manylinux2014_aarch64.whl", hash = "sha256:e2e8d0054fc88153ca0544f5c4d554d42e33df2e009c4ff42284ac9ebdef4132"},
    {file = "psutil-6.0.0-cp36-cp36m-win32.whl", hash = "sha256:fc8c9510cde0146432bbdb433322861ee8c3efbf8589865c8bf8d21cb30c4d14"},
    {file = "psutil-6.0.0-cp36-cp36m-win_amd64.whl", hash = "sha256:34859b8d8f423b86e4385ff3665d3f4d94be3cdf48221fbe476e883514fdb71c"},
    {file = "psutil-6.0.0-cp37-abi3-win32.whl", hash = "sha256:a495580d6bae27291324fe60cea0b5a7c23fa36a7cd35035a16d93bdcf076b9d"},
    {file = "psutil-6.0.0-cp37-abi3-win_amd64.whl", hash = "sha256:33ea5e1c975250a720b3a6609c490db40dae5d83a4eb315170c4fe0d8b1f34b3"},
    {file = "psutil-6.0.0-cp38-abi3-macosx_11_0_arm64.whl", hash = "sha256:ffe7fc9b6b36beadc8c322f84e1caff51e8703b88eee1da46d1e3a6ae11b4fd0"},
    {file = "psutil-6.0.0.tar.gz", hash = "sha256:8faae4f310b6d969fa26ca0545338b21f73c6b15db7c4a8d934a5482faa818f2"},
]

[package.extras]
test = ["enum34", "ipaddress", "mock", "pywin32", "wmi"]

[[package]]
name = "six"
version = "1.16.0"
description = "Python 2 and 3 compatibility utilities"
optional = false
python-versions = ">=2.7, !=3.0.*, !=3.1.*, !=3.2.*"
files = [
    {file = "six-1.16.0-py2.py3-none-any.whl", hash = "sha256:8abb2f1d86890a2dfb989f9a77cfcfd3e47c2a354b01111771326f8aa26e0254"},
    {file = "six-1.16.0.tar.gz", hash = "sha256:1e61c37477a1626458e36f7b1d82aa5c9b094fa4802892072e49de9c60c4c926"},
]

[[package]]
name = "tenacity"
version = "9.0.0"
description = "Retry code until it succeeds"
optional = false
python-versions = ">=3.8"
files = [
    {file = "tenacity-9.0.0-py3-none-any.whl", hash = "sha256:93de0c98785b27fcf659856aa9f54bfbd399e29969b0621bc7f762bd441b4539"},
    {file = "tenacity-9.0.0.tar.gz", hash = "sha256:807f37ca97d62aa361264d497b0e31e92b8027044942bfa756160d908320d73b"},
]

[package.extras]
doc = ["reno", "sphinx"]
test = ["pytest", "tornado (>=4.5)", "typeguard"]

[metadata]
lock-version = "2.0"
python-versions = "^3.10"
content-hash = "db251190e111dddb8a445db08ad94386ff85150643cc13df206a380d213325f9"
